
Microsoft Visual Studio Solution File, Format Version 12.00
# Visual Studio Version 17
VisualStudioVersion = 17.0.32126.317
MinimumVisualStudioVersion = 10.0.40219.1
Project("{FAE04EC0-301F-11D3-BF4B-00C04F79EFBC}") = "WebApplication1", "WebApplication1\WebApplication1.csproj", "{FEB9941E-D098-48F4-AB84-A3094D87CBAE}"
EndProject
Global
	GlobalSection(SolutionConfigurationPlatforms) = preSolution
		Debug|Any CPU = Debug|Any CPU
		Release|Any CPU = Release|Any CPU
	EndGlobalSection
	GlobalSection(ProjectConfigurationPlatforms) = postSolution
		{FEB9941E-D098-48F4-AB84-A3094D87CBAE}.Debug|Any CPU.ActiveCfg = Debug|Any CPU
		{FEB9941E-D098-48F4-AB84-A3094D87CBAE}.Debug|Any CPU.Build.0 = Debug|Any CPU
		{FEB9941E-D098-48F4-AB84-A3094D87CBAE}.Release|Any CPU.ActiveCfg = Release|Any CPU
		{FEB9941E-D098-48F4-AB84-A3094D87CBAE}.Release|Any CPU.Build.0 = Release|Any CPU
	EndGlobalSection
	GlobalSection(SolutionProperties) = preSolution
		HideSolutionNode = FALSE
	EndGlobalSection
	GlobalSection(ExtensibilityGlobals) = postSolution
		SolutionGuid = {B3D49859-01E6-4422-9AB3-898997EDA228}
	EndGlobalSection
EndGlobal
